{
  "name": "test_pj",
  "version": "1.0.0",
  "lockfileVersion": 3,
  "requires": true,
  "packages": {
    "": {
      "name": "test_pj",
      "version": "1.0.0",
      "license": "ISC",
      "dependencies": {
        "test_pj": "file:"
      },
      "bin": {
        "task-cli": "index.js"
      }
    },
    "node_modules/test_pj": {
      "resolved": "",
      "link": true
    }
  }
}
